github.com/dustin/go-humanize v1.0.0/go.mod h1:HtrtbFcZ19U5GC7JDqmcUSB87Iq5E25KnS6fMYU6eOk=
github.com/dustin/go-humanize v1.0.1 h1:GzkhY7T5VNhEkwH0PVJgjz+fX1rhBrR7pRT3mDkpeCY=
github.com/dustin/go-humanize v1.0.1/go.mod h1:Mu1zIs6XwVuF/gI1OepvI0qD18qycQx+mFykh5fBlto=
github.com/google/uuid v1.3.0 h1:t6JiXgmwXMjEs8VusXIJk2BXHsn+wx8BZdTaoZ5fu7I=
github.com/google/uuid v1.3.0/go.mod h1:TIyPZe4MgqvfeYDBFedMoGGpEw/LqOeaOT+nhxU+yHo=
github.com/kballard/go-shellquote v0.0.0-20180428030007-95032a82bc51 h1:Z9n2FFNUXsshfwJMBgNA0RU6/i7WVaAegv3PtuIHPMs=
github.com/kballard/go-shellquote v0.0.0-20180428030007-95032a82bc51/go.mod h1:CzGEWj7cYgsdH8dAjBGEr58BoE7ScuLd+fwFZ44+/x8=
github.com/mattn/go-isatty v0.0.16 h1:bq3VjFmv/sOjHtdEhmkEV4x1AJtvUvOJ2PFAZ5+peKQ=
github.com/mattn/go-isatty v0.0.16/go.mod h1:kYGgaQfpe5nmfYZH+SKPsOc2e4SrIfOl2e/yFXSvRLM=
github.com/pmezard/go-difflib v1.0.0/go.mod h1:iKH77koFhYxTK1pcRnkKkqfTogsbg7gZNVY4sRDYZ/4=
github.com/remyoudompheng/bigfft v0.0.0-20200410134404-eec4a21b6bb0/go.mod h1:qqbHyh8v60DhA7CoWK5oRCqLrMHRGoxYCSS9EjAz6Eo=
github.com/remyoudompheng/bigfft v0.0.0-20230129092748-24d4a6f8daec h1:W09IVJc94icq4NjY3clb7Lk8O1qJ8BdBEF8z0ibU0rE=
github.com/remyoudompheng/bigfft v0.0.0-20230129092748-24d4a6f8daec/go.mod h1:qqbHyh8v60DhA7CoWK5oRCqLrMHRGoxYCSS9EjAz6Eo=
golang.org/x/exp v0.0.0-20181106170214-d68db9428509/go.mod h1:CJ0aWSM057203Lf6IL+f9T1iT9GByDxfZKAQTCR3kQA=
golang.org/x/mod v0.10.0 h1:lFO9qtOdlre5W1jxS3r/4szv2/6iXxScdzjoBMXNhYk=
golang.org/x/mod v0.10.0/go.mod h1:iBbtSCu2XBx23ZKBPSOrRkjjQPZFPuis4dIYUhu/chs=
golang.org/x/sys v0.0.0-20220811171246-fbc7d0a398ab/go.mod h1:oPkhp1MJrh7nUepCBck5+mAzfO9JrbApNNgaTdGDITg=
golang.org/x/sys v0.8.0 h1:EBmGv8NaZBZTWvrbjNoL6HVt+IVy3QDQpJs7VRIw3tU=
golang.org/x/sys v0.8.0/go.mod h1:oPkhp1MJrh7nUepCBck5+mAzfO9JrbApNNgaTdGDITg=
golang.org/x/tools v0.9.3 h1:Gn1I8+64MsuTb/HpH+LmQtNas23LhUVr3rYZ0eKuaMM=
golang.org/x/tools v0.9.3/go.mod h1:owI94Op576fPu3cIGQeHs3joujW/2Oc6MtlxbF5dfNc=
lukechampine.com/uint128 v1.2.0 h1:mBi/5l91vocEN8otkC5bDLhi2KdCticRiwbdB0O+rjI=
lukechampine.com/uint128 v1.2.0/go.mod h1:c4eWIwlEGaxC/+H1VguhU4PHXNWDCDMUlWdIWl2j1gk=
modernc.org/cc/v3 v3.41.0 h1:QoR1Sn3YWlmA1T4vLaKZfawdVtSiGx8H+cEojbC7v1Q=
modernc.org/cc/v3 v3.41.0/go.mod h1:Ni4zjJYJ04CDOhG7dn640WGfwBzfE0ecX8TyMB0Fv0Y=
modernc.org/cc/v4 v4.4.0 h1:ClGlPNwi722C1FBhOoz4X1QeGO6/geHw2zYUlOalvG0=
modernc.org/cc/v4 v4.4.0/go.mod h1:0O8vuqhQfwBy+piyfEjzWIUGV4I3TPsXSf0W05+lgN8=
modernc.org/cc/v4 v4.4.1 h1:BPSC3MbHMAmaHfAVDHCx92/LMO/CIFd4tVqWQfW0KIg=
modernc.org/cc/v4 v4.4.1/go.mod h1:0O8vuqhQfwBy+piyfEjzWIUGV4I3TPsXSf0W05+lgN8=
modernc.org/cc/v4 v4.5.0 h1:FMa3wkxoWhxbFDGJp7Q1pUtgY7S6Atxgx7TOTqQNQXM=
modernc.org/cc/v4 v4.5.0/go.mod h1:0O8vuqhQfwBy+piyfEjzWIUGV4I3TPsXSf0W05+lgN8=
modernc.org/ccgo/v3 v3.16.14 h1:af6KNtFgsVmnDYrWk3PQCS9XT6BXe7o3ZFJKkIKvXNQ=
modernc.org/ccgo/v3 v3.16.14/go.mod h1:mPDSujUIaTNWQSG4eqKw+atqLOEbma6Ncsa94WbC9zo=
modernc.org/ccgo/v4 v4.0.0-20230616155824-e7ae6ef5b65a h1:2SU8pegKQMBlu/KlDrWbW/f/C6ZhCABF4EIvHE5maqY=
modernc.org/ccgo/v4 v4.0.0-20230616155824-e7ae6ef5b65a/go.mod h1:FK4IJaz0knpz08h6hNVrVSY4VbaSYpfeZxS3jUjf7zQ=
modernc.org/ccgo/v4 v4.0.0-20230617133848-43a38b89d3ba h1:NtKxTKCjWOuOqlgjh2g0Wd10//hp2xTdzDqVlV6Im3k=
modernc.org/ccgo/v4 v4.0.0-20230617133848-43a38b89d3ba/go.mod h1:FK4IJaz0knpz08h6hNVrVSY4VbaSYpfeZxS3jUjf7zQ=
modernc.org/ccgo/v4 v4.0.0-20230617154820-d0ad23ac1efc h1:+cotksKTdKdCekbj6LHYlfLNmBA5AMWFwjtzUWq+J1w=
modernc.org/ccgo/v4 v4.0.0-20230617154820-d0ad23ac1efc/go.mod h1:Noh8WhzezZDxeTPIWUmL20Yc91zq5WA+Mnn+smAaOmc=
modernc.org/ccgo/v4 v4.0.0-20230618200727-2ca7799573ea h1:nQVmST3rVUe7HZ8EonGp/U/QGHUzMCXqbBJOQtE1KgM=
modernc.org/ccgo/v4 v4.0.0-20230618200727-2ca7799573ea/go.mod h1:2HMSTl5Bmuw5zIxebLdA9+oMyd/m13hIQqkQuvGNCNo=
modernc.org/ccorpus2 v1.3.1 h1:8m8u4M2USmclI8pB4AFixQldtQXD/4NqZP4owsfXaW0=
modernc.org/ccorpus2 v1.3.1/go.mod h1:Wifvo4Q/qS/h1aRoC2TffcHsnxwTikmi1AuLANuucJQ=
modernc.org/fileutil v1.0.0/go.mod h1:JHsWpkrk/CnVV1H/eGlFf85BEpfkrp56ro8nojIq9Q8=
modernc.org/gc/v2 v2.1.2-0.20220923113132-f3b5abcf8083 h1:rGoLVwiOxdeVkGYMOF/8Pw7xpDd3OqScJU/tqHgvY1c=
modernc.org/gc/v2 v2.1.2-0.20220923113132-f3b5abcf8083/go.mod h1:Zt5HLUW0j+l02wj99UsPs+1DOFwwsGnqfcw+BGyyP/A=
modernc.org/lex v1.1.0/go.mod h1:+ojes+j0JYCaqwKYCBjcUavscJHmWFKvViUTMU4VjLA=
modernc.org/lexer v1.0.0/go.mod h1:F/Dld0YKYdZCLQ7bD0USbWL4YKCyTDRDHiDTOs0q0vk=
modernc.org/libc v1.24.1 h1:uvJSeCKL/AgzBo2yYIPPTy82v21KgGnizcGYfBHaNuM=
modernc.org/libc v1.24.1/go.mod h1:FmfO1RLrU3MHJfyi9eYYmZBfi/R+tqZ6+hQ3yQQUkak=
modernc.org/mathutil v1.5.0 h1:rV0Ko/6SfM+8G+yKiyI830l3Wuz1zRutdslNoQ0kfiQ=
modernc.org/mathutil v1.5.0/go.mod h1:mZW8CKdRPY1v87qxC/wUdX5O1qDzXMP5TH3wjfpga6E=
modernc.org/memory v1.6.0 h1:i6mzavxrE9a30whzMfwf7XWVODx2r5OYXvU46cirX7o=
modernc.org/memory v1.6.0/go.mod h1:PkUhL0Mugw21sHPeskwZW4D6VscE/GQJOnIpCnW6pSU=
modernc.org/opt v0.1.3 h1:3XOZf2yznlhC+ibLltsDGzABUGVx8J6pnFMS3E4dcq4=
modernc.org/opt v0.1.3/go.mod h1:WdSiB5evDcignE70guQKxYUl14mgWtbClRi5wmkkTX0=
modernc.org/scannertest v1.0.0/go.mod h1:9qnOCV+wSvq1o9hcOPNwRorND4qpZdtmTvmcdKyN3iE=
modernc.org/strutil v1.1.3 h1:fNMm+oJklMGYfU9Ylcywl0CO5O6nTfaowNsh2wpPjzY=
modernc.org/strutil v1.1.3/go.mod h1:MEHNA7PdEnEwLvspRMtWTNnp2nnyvMfkimT1NKNAGbw=
modernc.org/token v1.0.1/go.mod h1:UGzOrNV1mAFSEB63lOFHIpNRUVMvYTc6yu1SMY/XTDM=
modernc.org/token v1.1.0 h1:Xl7Ap9dKaEs5kLoOQeQmPWevfnk/DM5qcLcYlA8ys6Y=
modernc.org/token v1.1.0/go.mod h1:UGzOrNV1mAFSEB63lOFHIpNRUVMvYTc6yu1SMY/XTDM=
